// !$*UTF8*$!
{
	archiveVersion = 1;
	classes = {
	};
	objectVersion = 46;
	objects = {

/* Begin PBXBuildFile section */
		E1DD7F0E1EFB710B007DB9C9 /* main.m in Sources */ = {isa = PBXBuildFile; fileRef = E1DD7F0D1EFB710B007DB9C9 /* main.m */; };
		E1DD7F111EFB710B007DB9C9 /* AppDelegate.m in Sources */ = {isa = PBXBuildFile; fileRef = E1DD7F101EFB710B007DB9C9 /* AppDelegate.m */; };
		E1DD7F141EFB710B007DB9C9 /* ViewController.m in Sources */ = {isa = PBXBuildFile; fileRef = E1DD7F131EFB710B007DB9C9 /* ViewController.m */; };
		E1DD7F171EFB710B007DB9C9 /* Main.storyboard in Resources */ = {isa = PBXBuildFile; fileRef = E1DD7F151EFB710B007DB9C9 /* Main.storyboard */; };
		E1DD7F191EFB710B007DB9C9 /* Assets.xcassets in Resources */ = {isa = PBXBuildFile; fileRef = E1DD7F181EFB710B007DB9C9 /* Assets.xcassets */; };
		E1DD7F1C1EFB710B007DB9C9 /* LaunchScreen.storyboard in Resources */ = {isa = PBXBuildFile; fileRef = E1DD7F1A1EFB710B007DB9C9 /* LaunchScreen.storyboard */; };
/* End PBXBuildFile section */

/* Begin PBXFileReference section */
		E1DD7F091EFB710B007DB9C9 /* SimpleCalendarView.app */ = {isa = PBXFileReference; explicitFileType = wrapper.application; includeInIndex = 0; path = SimpleCalendarView.app; sourceTree = BUILT_PRODUCTS_DIR; };
		E1DD7F0D1EFB710B007DB9C9 /* main.m */ = {isa = PBXFileReference; lastKnownFileType = sourcecode.c.objc; path = main.m; sourceTree = "<group>"; };
		E1DD7F0F1EFB710B007DB9C9 /* AppDelegate.h */ = {isa = PBXFileReference; lastKnownFileType = sourcecode.c.h; path = AppDelegate.h; sourceTree = "<group>"; };
		E1DD7F101EFB710B007DB9C9 /* AppDelegate.m */ = {isa = PBXFileReference; lastKnownFileType = sourcecode.c.objc; path = AppDelegate.m; sourceTree = "<group>"; };
		E1DD7F121EFB710B007DB9C9 /* ViewController.h */ = {isa = PBXFileReference; lastKnownFileType = sourcecode.c.h; path = ViewController.h; sourceTree = "<group>"; };
		E1DD7F131EFB710B007DB9C9 /* ViewController.m */ = {isa = PBXFileReference; lastKnownFileType = sourcecode.c.objc; path = ViewController.m; sourceTree = "<group>"; };
		E1DD7F161EFB710B007DB9C9 /* Base */ = {isa = PBXFileReference; lastKnownFileType = file.storyboard; name = Base; path = Base.lproj/Main.storyboard; sourceTree = "<group>"; };
		E1DD7F181EFB710B007DB9C9 /* Assets.xcassets */ = {isa = PBXFileReference; lastKnownFileType = folder.assetcatalog; path = Assets.xcassets; sourceTree = "<group>"; };
		E1DD7F1B1EFB710B007DB9C9 /* Base */ = {isa = PBXFileReference; lastKnownFileType = file.storyboard; name = Base; path = Base.lproj/LaunchScreen.storyboard; sourceTree = "<group>"; };
		E1DD7F1D1EFB710B007DB9C9 /* Info.plist */ = {isa = PBXFileReference; lastKnownFileType = text.plist.xml; path = Info.plist; sourceTree = "<group>"; };
/* End PBXFileReference section */

/* Begin PBXFrameworksBuildPhase section */
		E1DD7F061EFB710B007DB9C9 /* Frameworks */ = {
			isa = PBXFrameworksBuildPhase;
			buildActionMask = 2147483647;
			files = (
			);
			runOnlyForDeploymentPostprocessing = 0;
		};
/* End PBXFrameworksBuildPhase section */

/* Begin PBXGroup section */
		E1DD7F001EFB710B007DB9C9 = {
			isa = PBXGroup;
			children = (
				E1DD7F0B1EFB710B007DB9C9 /* SimpleCalendarView */,
				E1DD7F0A1EFB710B007DB9C9 /* Products */,
			);
			sourceTree = "<group>";
		};
		E1DD7F0A1EFB710B007DB9C9 /* Products */ = {
			isa = PBXGroup;
			children = (
				E1DD7F091EFB710B007DB9C9 /* SimpleCalendarView.app */,
			);
			name = Products;
			sourceTree = "<group>";
		};
		E1DD7F0B1EFB710B007DB9C9 /* SimpleCalendarView */ = {
			isa = PBXGroup;
			children = (
				E1DD7F0F1EFB710B007DB9C9 /* AppDelegate.h */,
				E1DD7F101EFB710B007DB9C9 /* AppDelegate.m */,
				E1DD7F121EFB710B007DB9C9 /* ViewController.h */,
				E1DD7F131EFB710B007DB9C9 /* ViewController.m */,
				E1DD7F151EFB710B007DB9C9 /* Main.storyboard */,
				E1DD7F181EFB710B007DB9C9 /* Assets.xcassets */,
				E1DD7F1A1EFB710B007DB9C9 /* LaunchScreen.storyboard */,
				E1DD7F1D1EFB710B007DB9C9 /* Info.plist */,
				E1DD7F0C1EFB710B007DB9C9 /* Supporting Files */,
			);
			path = SimpleCalendarView;
			sourceTree = "<group>";
		};
		E1DD7F0C1EFB710B007DB9C9 /* Supporting Files */ = {
			isa = PBXGroup;
			children = (
				E1DD7F0D1EFB710B007DB9C9 /* main.m */,
			);
			name = "Supporting Files";
			sourceTree = "<group>";
		};
/* End PBXGroup section */

/* Begin PBXNativeTarget section */
		E1DD7F081EFB710B007DB9C9 /* SimpleCalendarView */ = {
			isa = PBXNativeTarget;
			buildConfigurationList = E1DD7F201EFB710B007DB9C9 /* Build configuration list for PBXNativeTarget "SimpleCalendarView" */;
			buildPhases = (
				E1DD7F051EFB710B007DB9C9 /* Sources */,
				E1DD7F061EFB710B007DB9C9 /* Frameworks */,
				E1DD7F071EFB710B007DB9C9 /* Resources */,
			);
			buildRules = (
			);
			dependencies = (
			);
			name = SimpleCalendarView;
			productName = SimpleCalendarView;
			productReference = E1DD7F091EFB710B007DB9C9 /* SimpleCalendarView.app */;
			productType = "com.apple.product-type.application";
		};
/* End PBXNativeTarget section */

/* Begin PBXProject section */
		E1DD7F011EFB710B007DB9C9 /* Project object */ = {
			isa = PBXProject;
			attributes = {
				LastUpgradeCheck = 0830;
				ORGANIZATIONNAME = Ekaterina;
				TargetAttributes = {
					E1DD7F081EFB710B007DB9C9 = {
						CreatedOnToolsVersion = 8.3.3;
						ProvisioningStyle = Automatic;
					};
				};
			};
			buildConfigurationList = E1DD7F041EFB710B007DB9C9 /* Build configuration list for PBXProject "SimpleCalendarView" */;
			compatibilityVersion = "Xcode 3.2";
			developmentRegion = English;
			hasScannedForEncodings = 0;
			knownRegions = (
				en,
				Base,
			);
			mainGroup = E1DD7F001EFB710B007DB9C9;
			productRefGroup = E1DD7F0A1EFB710B007DB9C9 /* Products */;
			projectDirPath = "";
			projectRoot = "";
			targets = (
				E1DD7F081EFB710B007DB9C9 /* SimpleCalendarView */,
			);
		};
/* End PBXProject section */

/* Begin PBXResourcesBuildPhase section */
		E1DD7F071EFB710B007DB9C9 /* Resources */ = {
			isa = PBXResourcesBuildPhase;
			buildActionMask = 2147483647;
			files = (
				E1DD7F1C1EFB710B007DB9C9 /* LaunchScreen.storyboard in Resources */,
				E1DD7F191EFB710B007DB9C9 /* Assets.xcassets in Resources */,
				E1DD7F171EFB710B007DB9C9 /* Main.storyboard in Resources */,
			);
			runOnlyForDeploymentPostprocessing = 0;
		};
/* End PBXResourcesBuildPhase section */

/* Begin PBXSourcesBuildPhase section */
		E1DD7F051EFB710B007DB9C9 /* Sources */ = {
			isa = PBXSourcesBuildPhase;
			buildActionMask = 2147483647;
			files = (
				E1DD7F141EFB710B007DB9C9 /* ViewController.m in Sources */,
				E1DD7F111EFB710B007DB9C9 /* AppDelegate.m in Sources */,
				E1DD7F0E1EFB710B007DB9C9 /* main.m in Sources */,
			);
			runOnlyForDeploymentPostprocessing = 0;
		};
/* End PBXSourcesBuildPhase section */

/* Begin PBXVariantGroup section */
		E1DD7F151EFB710B007DB9C9 /* Main.storyboard */ = {
			isa = PBXVariantGroup;
			children = (
				E1DD7F161EFB710B007DB9C9 /* Base */,
			);
			name = Main.storyboard;
			sourceTree = "<group>";
		};
		E1DD7F1A1EFB710B007DB9C9 /* LaunchScreen.storyboard */ = {
			isa = PBXVariantGroup;
			children = (
				E1DD7F1B1EFB710B007DB9C9 /* Base */,
			);
			name = LaunchScreen.storyboard;
			sourceTree = "<group>";
		};
/* End PBXVariantGroup section */

/* Begin XCBuildConfiguration section */
		E1DD7F1E1EFB710B007DB9C9 /* Debug */ = {
			isa = XCBuildConfiguration;
			buildSettings = {
				ALWAYS_SEARCH_USER_PATHS = NO;
				CLANG_ANALYZER_NONNULL = YES;
				CLANG_ANALYZER_NUMBER_OBJECT_CONVERSION = YES_AGGRESSIVE;
				CLANG_CXX_LANGUAGE_STANDARD = "gnu++0x";
				CLANG_CXX_LIBRARY = "libc++";
				CLANG_ENABLE_MODULES = YES;
				CLANG_ENABLE_OBJC_ARC = YES;
				CLANG_WARN_BOOL_CONVERSION = YES;
				CLANG_WARN_CONSTANT_CONVERSION = YES;
				CLANG_WARN_DIRECT_OBJC_ISA_USAGE = YES_ERROR;
				CLANG_WARN_DOCUMENTATION_COMMENTS = YES;
				CLANG_WARN_EMPTY_BODY = YES;
				CLANG_WARN_ENUM_CONVERSION = YES;
				CLANG_WARN_INFINITE_RECURSION = YES;
				CLANG_WARN_INT_CONVERSION = YES;
				CLANG_WARN_OBJC_ROOT_CLASS = YES_ERROR;
				CLANG_WARN_SUSPICIOUS_MOVE = YES;
				CLANG_WARN_UNREACHABLE_CODE = YES;
				CLANG_WARN__DUPLICATE_METHOD_MATCH = YES;
				"CODE_SIGN_IDENTITY[sdk=iphoneos*]" = "iPhone Developer";
				COPY_PHASE_STRIP = NO;
				DEBUG_INFORMATION_FORMAT = dwarf;
				ENABLE_STRICT_OBJC_MSGSEND = YES;
				ENABLE_TESTABILITY = YES;
				GCC_C_LANGUAGE_STANDARD = gnu99;
				GCC_DYNAMIC_NO_PIC = NO;
				GCC_NO_COMMON_BLOCKS = YES;
				GCC_OPTIMIZATION_LEVEL = 0;
				GCC_PREPROCESSOR_DEFINITIONS = (
					"DEBUG=1",
					"$(inherited)",
				);
				GCC_WARN_64_TO_32_BIT_CONVERSION = YES;
				GCC_WARN_ABOUT_RETURN_TYPE = YES_ERROR;
				GCC_WARN_UNDECLARED_SELECTOR = YES;
				GCC_WARN_UNINITIALIZED_AUTOS = YES_AGGRESSIVE;
				GCC_WARN_UNUSED_FUNCTION = YES;
				GCC_WARN_UNUSED_VARIABLE = YES;
				IPHONEOS_DEPLOYMENT_TARGET = 10.3;
				MTL_ENABLE_DEBUG_INFO = YES;
				ONLY_ACTIVE_ARCH = YES;
				SDKROOT = iphoneos;
				TARGETED_DEVICE_FAMILY = "1,2";
			};
			name = Debug;
		};
		E1DD7F1F1EFB710B007DB9C9 /* Release */ = {
			isa = XCBuildConfiguration;
			buildSettings = {
				ALWAYS_SEARCH_USER_PATHS = NO;
				CLANG_ANALYZER_NONNULL = YES;
				CLANG_ANALYZER_NUMBER_OBJECT_CONVERSION = YES_AGGRESSIVE;
				CLANG_CXX_LANGUAGE_STANDARD = "gnu++0x";
				CLANG_CXX_LIBRARY = "libc++";
				CLANG_ENABLE_MODULES = YES;
				CLANG_ENABLE_OBJC_ARC = YES;
				CLANG_WARN_BOOL_CONVERSION = YES;
				CLANG_WARN_CONSTANT_CONVERSION = YES;
				CLANG_WARN_DIRECT_OBJC_ISA_USAGE = YES_ERROR;
				CLANG_WARN_DOCUMENTATION_COMMENTS = YES;
				CLANG_WARN_EMPTY_BODY = YES;
				CLANG_WARN_ENUM_CONVERSION = YES;
				CLANG_WARN_INFINITE_RECURSION = YES;
				CLANG_WARN_INT_CONVERSION = YES;
				CLANG_WARN_OBJC_ROOT_CLASS = YES_ERROR;
				CLANG_WARN_SUSPICIOUS_MOVE = YES;
				CLANG_WARN_UNREACHABLE_CODE = YES;
				CLANG_WARN__DUPLICATE_METHOD_MATCH = YES;
				"CODE_SIGN_IDENTITY[sdk=iphoneos*]" = "iPhone Developer";
				COPY_PHASE_STRIP = NO;
				DEBUG_INFORMATION_FORMAT = "dwarf-with-dsym";
				ENABLE_NS_ASSERTIONS = NO;
				ENABLE_STRICT_OBJC_MSGSEND = YES;
				GCC_C_LANGUAGE_STANDARD = gnu99;
				GCC_NO_COMMON_BLOCKS = YES;
				GCC_WARN_64_TO_32_BIT_CONVERSION = YES;
				GCC_WARN_ABOUT_RETURN_TYPE = YES_ERROR;
				GCC_WARN_UNDECLARED_SELECTOR = YES;
				GCC_WARN_UNINITIALIZED_AUTOS = YES_AGGRESSIVE;
				GCC_WARN_UNUSED_FUNCTION = YES;
				GCC_WARN_UNUSED_VARIABLE = YES;
				IPHONEOS_DEPLOYMENT_TARGET = 10.3;
				MTL_ENABLE_DEBUG_INFO = NO;
				SDKROOT = iphoneos;
				TARGETED_DEVICE_FAMILY = "1,2";
				VALIDATE_PRODUCT = YES;
			};
			name = Release;
		};
		E1DD7F211EFB710B007DB9C9 /* Debug */ = {
			isa = XCBuildConfiguration;
			buildSettings = {
				ASSETCATALOG_COMPILER_APPICON_NAME = AppIcon;
				INFOPLIST_FILE = SimpleCalendarView/Info.plist;
				LD_RUNPATH_SEARCH_PATHS = "$(inherited) @executable_path/Frameworks";
				PRODUCT_BUNDLE_IDENTIFIER = com.enesterova.SimpleCalendarView;
				PRODUCT_NAME = "$(TARGET_NAME)";
			};
			name = Debug;
		};
		E1DD7F221EFB710B007DB9C9 /* Release */ = {
			isa = XCBuildConfiguration;
			buildSettings = {
				ASSETCATALOG_COMPILER_APPICON_NAME = AppIcon;
				INFOPLIST_FILE = SimpleCalendarView/Info.plist;
				LD_RUNPATH_SEARCH_PATHS = "$(inherited) @executable_path/Frameworks";
				PRODUCT_BUNDLE_IDENTIFIER = com.enesterova.SimpleCalendarView;
				PRODUCT_NAME = "$(TARGET_NAME)";
			};
			name = Release;
		};
/* End XCBuildConfiguration section */

/* Begin XCConfigurationList section */
		E1DD7F041EFB710B007DB9C9 /* Build configuration list for PBXProject "SimpleCalendarView" */ = {
			isa = XCConfigurationList;
			buildConfigurations = (
				E1DD7F1E1EFB710B007DB9C9 /* Debug */,
				E1DD7F1F1EFB710B007DB9C9 /* Release */,
			);
			defaultConfigurationIsVisible = 0;
			defaultConfigurationName = Release;
		};
		E1DD7F201EFB710B007DB9C9 /* Build configuration list for PBXNativeTarget "SimpleCalendarView" */ = {
			isa = XCConfigurationList;
			buildConfigurations = (
				E1DD7F211EFB710B007DB9C9 /* Debug */,
				E1DD7F221EFB710B007DB9C9 /* Release */,
			);
			defaultConfigurationIsVisible = 0;
		};
/* End XCConfigurationList section */
	};
	rootObject = E1DD7F011EFB710B007DB9C9 /* Project object */;
}
